
Microsoft Visual Studio Solution File, Format Version 12.00
# Visual Studio Version 17
VisualStudioVersion = 17.0.31903.59
MinimumVisualStudioVersion = 10.0.40219.1
Project("{FAE04EC0-301F-11D3-BF4B-00C04F79EFBC}") = "Csharp_Ejercicios", "Csharp_Ejercicios\Csharp_Ejercicios.csproj", "{87466B74-3CD3-45C3-A33E-1CC7BBCAFCE1}"
EndProject
Project("{FAE04EC0-301F-11D3-BF4B-00C04F79EFBC}") = "Csharp_Fundaments", "Csharp_Fundaments\Csharp_Fundaments.csproj", "{7BE5BD5D-C8D7-4A41-BA0A-C78AD6416ED1}"
EndProject
Project("{FAE04EC0-301F-11D3-BF4B-00C04F79EFBC}") = "Csharp_Ejercicio1", "Csharp_Ejercicio1\Csharp_Ejercicio1.csproj", "{CDA4C5A5-C92B-4900-AE27-CBFB0661CEC3}"
EndProject
Project("{FAE04EC0-301F-11D3-BF4B-00C04F79EFBC}") = "Csharp_Ejercicio2", "Csharp_Ejercicio2\Csharp_Ejercicio2.csproj", "{F60735FC-8140-44E5-B8E6-45A8665BB9C7}"
EndProject
Project("{FAE04EC0-301F-11D3-BF4B-00C04F79EFBC}") = "CalculadoraPro", "CalculadoraPro\CalculadoraPro.csproj", "{B7135815-7144-4C16-9AAC-EE2325EF64DB}"
EndProject
Project("{FAE04EC0-301F-11D3-BF4B-00C04F79EFBC}") = "Csharp_Ejercicios3", "Csharp_Ejercicios3\Csharp_Ejercicios3.csproj", "{F970FC9E-3831-4809-80F5-235D4C58148C}"
EndProject
Global
	GlobalSection(SolutionConfigurationPlatforms) = preSolution
		Debug|Any CPU = Debug|Any CPU
		Release|Any CPU = Release|Any CPU
	EndGlobalSection
	GlobalSection(ProjectConfigurationPlatforms) = postSolution
		{87466B74-3CD3-45C3-A33E-1CC7BBCAFCE1}.Debug|Any CPU.ActiveCfg = Debug|Any CPU
		{87466B74-3CD3-45C3-A33E-1CC7BBCAFCE1}.Debug|Any CPU.Build.0 = Debug|Any CPU
		{87466B74-3CD3-45C3-A33E-1CC7BBCAFCE1}.Release|Any CPU.ActiveCfg = Release|Any CPU
		{87466B74-3CD3-45C3-A33E-1CC7BBCAFCE1}.Release|Any CPU.Build.0 = Release|Any CPU
		{7BE5BD5D-C8D7-4A41-BA0A-C78AD6416ED1}.Debug|Any CPU.ActiveCfg = Debug|Any CPU
		{7BE5BD5D-C8D7-4A41-BA0A-C78AD6416ED1}.Debug|Any CPU.Build.0 = Debug|Any CPU
		{7BE5BD5D-C8D7-4A41-BA0A-C78AD6416ED1}.Release|Any CPU.ActiveCfg = Release|Any CPU
		{7BE5BD5D-C8D7-4A41-BA0A-C78AD6416ED1}.Release|Any CPU.Build.0 = Release|Any CPU
		{CDA4C5A5-C92B-4900-AE27-CBFB0661CEC3}.Debug|Any CPU.ActiveCfg = Debug|Any CPU
		{CDA4C5A5-C92B-4900-AE27-CBFB0661CEC3}.Debug|Any CPU.Build.0 = Debug|Any CPU
		{CDA4C5A5-C92B-4900-AE27-CBFB0661CEC3}.Release|Any CPU.ActiveCfg = Release|Any CPU
		{CDA4C5A5-C92B-4900-AE27-CBFB0661CEC3}.Release|Any CPU.Build.0 = Release|Any CPU
		{F60735FC-8140-44E5-B8E6-45A8665BB9C7}.Debug|Any CPU.ActiveCfg = Debug|Any CPU
		{F60735FC-8140-44E5-B8E6-45A8665BB9C7}.Debug|Any CPU.Build.0 = Debug|Any CPU
		{F60735FC-8140-44E5-B8E6-45A8665BB9C7}.Release|Any CPU.ActiveCfg = Release|Any CPU
		{F60735FC-8140-44E5-B8E6-45A8665BB9C7}.Release|Any CPU.Build.0 = Release|Any CPU
		{B7135815-7144-4C16-9AAC-EE2325EF64DB}.Debug|Any CPU.ActiveCfg = Debug|Any CPU
		{B7135815-7144-4C16-9AAC-EE2325EF64DB}.Debug|Any CPU.Build.0 = Debug|Any CPU
		{B7135815-7144-4C16-9AAC-EE2325EF64DB}.Release|Any CPU.ActiveCfg = Release|Any CPU
		{B7135815-7144-4C16-9AAC-EE2325EF64DB}.Release|Any CPU.Build.0 = Release|Any CPU
		{F970FC9E-3831-4809-80F5-235D4C58148C}.Debug|Any CPU.ActiveCfg = Debug|Any CPU
		{F970FC9E-3831-4809-80F5-235D4C58148C}.Debug|Any CPU.Build.0 = Debug|Any CPU
		{F970FC9E-3831-4809-80F5-235D4C58148C}.Release|Any CPU.ActiveCfg = Release|Any CPU
		{F970FC9E-3831-4809-80F5-235D4C58148C}.Release|Any CPU.Build.0 = Release|Any CPU
	EndGlobalSection
	GlobalSection(SolutionProperties) = preSolution
		HideSolutionNode = FALSE
	EndGlobalSection
EndGlobal
